
Microsoft Visual Studio Solution File, Format Version 12.00
# Visual Studio 15
VisualStudioVersion = 15.0.27703.2035
MinimumVisualStudioVersion = 10.0.40219.1
Project("{FAE04EC0-301F-11D3-BF4B-00C04F79EFBC}") = "LINQExample", "LINQExample\LINQExample.csproj", "{1049D68F-204E-4746-ABDC-9DD758D2559D}"
EndProject
Project("{FAE04EC0-301F-11D3-BF4B-00C04F79EFBC}") = "DelegateExample", "DelegateExample\DelegateExample.csproj", "{76B54C57-BB64-4B97-B9E8-AF1E90BD6189}"
EndProject
Global
	GlobalSection(SolutionConfigurationPlatforms) = preSolution
		Debug|Any CPU = Debug|Any CPU
		Release|Any CPU = Release|Any CPU
	EndGlobalSection
	GlobalSection(ProjectConfigurationPlatforms) = postSolution
		{1049D68F-204E-4746-ABDC-9DD758D2559D}.Debug|Any CPU.ActiveCfg = Debug|Any CPU
		{1049D68F-204E-4746-ABDC-9DD758D2559D}.Debug|Any CPU.Build.0 = Debug|Any CPU
		{1049D68F-204E-4746-ABDC-9DD758D2559D}.Release|Any CPU.ActiveCfg = Release|Any CPU
		{1049D68F-204E-4746-ABDC-9DD758D2559D}.Release|Any CPU.Build.0 = Release|Any CPU
		{76B54C57-BB64-4B97-B9E8-AF1E90BD6189}.Debug|Any CPU.ActiveCfg = Debug|Any CPU
		{76B54C57-BB64-4B97-B9E8-AF1E90BD6189}.Debug|Any CPU.Build.0 = Debug|Any CPU
		{76B54C57-BB64-4B97-B9E8-AF1E90BD6189}.Release|Any CPU.ActiveCfg = Release|Any CPU
		{76B54C57-BB64-4B97-B9E8-AF1E90BD6189}.Release|Any CPU.Build.0 = Release|Any CPU
	EndGlobalSection
	GlobalSection(SolutionProperties) = preSolution
		HideSolutionNode = FALSE
	EndGlobalSection
	GlobalSection(ExtensibilityGlobals) = postSolution
		SolutionGuid = {ADA6F216-F82F-4FAC-8F85-3AD895631E3B}
	EndGlobalSection
EndGlobal
