
Microsoft Visual Studio Solution File, Format Version 12.00
# Visual Studio 15
VisualStudioVersion = 15.0.27703.2035
MinimumVisualStudioVersion = 10.0.40219.1
Project("{FAE04EC0-301F-11D3-BF4B-00C04F79EFBC}") = "AsyncAndAwaitExample", "AsyncAndAwaitExample\AsyncAndAwaitExample.csproj", "{08E49421-01A5-405B-8CEE-9D94C54895E2}"
EndProject
Project("{FAE04EC0-301F-11D3-BF4B-00C04F79EFBC}") = "Example2", "Example2\Example2.csproj", "{34FFA583-450C-4C3D-9C99-8216C308B580}"
EndProject
Project("{FAE04EC0-301F-11D3-BF4B-00C04F79EFBC}") = "Example3", "Example3\Example3.csproj", "{5F62355A-8429-4A5A-8F57-9C30322333C3}"
EndProject
Global
	GlobalSection(SolutionConfigurationPlatforms) = preSolution
		Debug|Any CPU = Debug|Any CPU
		Release|Any CPU = Release|Any CPU
	EndGlobalSection
	GlobalSection(ProjectConfigurationPlatforms) = postSolution
		{08E49421-01A5-405B-8CEE-9D94C54895E2}.Debug|Any CPU.ActiveCfg = Debug|Any CPU
		{08E49421-01A5-405B-8CEE-9D94C54895E2}.Debug|Any CPU.Build.0 = Debug|Any CPU
		{08E49421-01A5-405B-8CEE-9D94C54895E2}.Release|Any CPU.ActiveCfg = Release|Any CPU
		{08E49421-01A5-405B-8CEE-9D94C54895E2}.Release|Any CPU.Build.0 = Release|Any CPU
		{34FFA583-450C-4C3D-9C99-8216C308B580}.Debug|Any CPU.ActiveCfg = Debug|Any CPU
		{34FFA583-450C-4C3D-9C99-8216C308B580}.Debug|Any CPU.Build.0 = Debug|Any CPU
		{34FFA583-450C-4C3D-9C99-8216C308B580}.Release|Any CPU.ActiveCfg = Release|Any CPU
		{34FFA583-450C-4C3D-9C99-8216C308B580}.Release|Any CPU.Build.0 = Release|Any CPU
		{5F62355A-8429-4A5A-8F57-9C30322333C3}.Debug|Any CPU.ActiveCfg = Debug|Any CPU
		{5F62355A-8429-4A5A-8F57-9C30322333C3}.Debug|Any CPU.Build.0 = Debug|Any CPU
		{5F62355A-8429-4A5A-8F57-9C30322333C3}.Release|Any CPU.ActiveCfg = Release|Any CPU
		{5F62355A-8429-4A5A-8F57-9C30322333C3}.Release|Any CPU.Build.0 = Release|Any CPU
	EndGlobalSection
	GlobalSection(SolutionProperties) = preSolution
		HideSolutionNode = FALSE
	EndGlobalSection
	GlobalSection(ExtensibilityGlobals) = postSolution
		SolutionGuid = {056879CE-F8B0-4ADE-A831-269B661BDEE0}
	EndGlobalSection
EndGlobal
